
Microsoft Visual Studio Solution File, Format Version 12.00
# Visual Studio Version 17
VisualStudioVersion = 17.5.33516.290
MinimumVisualStudioVersion = 10.0.40219.1
Project("{FAE04EC0-301F-11D3-BF4B-00C04F79EFBC}") = "Week9ReadFromFile", "Week9ReadFromFile\Week9ReadFromFile.csproj", "{A39D5331-33FC-420D-B5C8-E68C6626861C}"
EndProject
Project("{FAE04EC0-301F-11D3-BF4B-00C04F79EFBC}") = "Refactoring", "Refactoring\Refactoring.csproj", "{2C97A322-4133-4A27-929F-782999B6DD40}"
EndProject
Global
	GlobalSection(SolutionConfigurationPlatforms) = preSolution
		Debug|Any CPU = Debug|Any CPU
		Release|Any CPU = Release|Any CPU
	EndGlobalSection
	GlobalSection(ProjectConfigurationPlatforms) = postSolution
		{A39D5331-33FC-420D-B5C8-E68C6626861C}.Debug|Any CPU.ActiveCfg = Debug|Any CPU
		{A39D5331-33FC-420D-B5C8-E68C6626861C}.Debug|Any CPU.Build.0 = Debug|Any CPU
		{A39D5331-33FC-420D-B5C8-E68C6626861C}.Release|Any CPU.ActiveCfg = Release|Any CPU
		{A39D5331-33FC-420D-B5C8-E68C6626861C}.Release|Any CPU.Build.0 = Release|Any CPU
		{2C97A322-4133-4A27-929F-782999B6DD40}.Debug|Any CPU.ActiveCfg = Debug|Any CPU
		{2C97A322-4133-4A27-929F-782999B6DD40}.Debug|Any CPU.Build.0 = Debug|Any CPU
		{2C97A322-4133-4A27-929F-782999B6DD40}.Release|Any CPU.ActiveCfg = Release|Any CPU
		{2C97A322-4133-4A27-929F-782999B6DD40}.Release|Any CPU.Build.0 = Release|Any CPU
	EndGlobalSection
	GlobalSection(SolutionProperties) = preSolution
		HideSolutionNode = FALSE
	EndGlobalSection
	GlobalSection(ExtensibilityGlobals) = postSolution
		SolutionGuid = {766650F3-6F08-46C9-A764-34878CD52FAD}
	EndGlobalSection
EndGlobal
